
Microsoft Visual Studio Solution File, Format Version 12.00
# Visual Studio Version 17
VisualStudioVersion = 17.9.34728.123
MinimumVisualStudioVersion = 10.0.40219.1
Project("{F184B08F-C81C-45F6-A57F-5ABD9991F28F}") = "Selinium Auto Inventory", "Selinium Auto Inventory\Selinium Auto Inventory.vbproj", "{91F3AB6A-1ADC-4CC3-9212-167C5C5D7072}"
EndProject
Global
	GlobalSection(SolutionConfigurationPlatforms) = preSolution
		Debug|Any CPU = Debug|Any CPU
		Release|Any CPU = Release|Any CPU
	EndGlobalSection
	GlobalSection(ProjectConfigurationPlatforms) = postSolution
		{91F3AB6A-1ADC-4CC3-9212-167C5C5D7072}.Debug|Any CPU.ActiveCfg = Debug|Any CPU
		{91F3AB6A-1ADC-4CC3-9212-167C5C5D7072}.Debug|Any CPU.Build.0 = Debug|Any CPU
		{91F3AB6A-1ADC-4CC3-9212-167C5C5D7072}.Release|Any CPU.ActiveCfg = Release|Any CPU
		{91F3AB6A-1ADC-4CC3-9212-167C5C5D7072}.Release|Any CPU.Build.0 = Release|Any CPU
	EndGlobalSection
	GlobalSection(SolutionProperties) = preSolution
		HideSolutionNode = FALSE
	EndGlobalSection
	GlobalSection(ExtensibilityGlobals) = postSolution
		SolutionGuid = {D212A06D-2841-4310-80B6-2E1DE0C4D73D}
	EndGlobalSection
EndGlobal
